
Microsoft Visual Studio Solution File, Format Version 12.00
# Visual Studio 15
VisualStudioVersion = 15.0.27703.2035
MinimumVisualStudioVersion = 10.0.40219.1
Project("{FAE04EC0-301F-11D3-BF4B-00C04F79EFBC}") = "GR3porno", "GR3porno\GR3porno.csproj", "{E814222E-CF28-4EE3-97F7-094384B095C1}"
EndProject
Global
	GlobalSection(SolutionConfigurationPlatforms) = preSolution
		Debug|Any CPU = Debug|Any CPU
		Release|Any CPU = Release|Any CPU
	EndGlobalSection
	GlobalSection(ProjectConfigurationPlatforms) = postSolution
		{E814222E-CF28-4EE3-97F7-094384B095C1}.Debug|Any CPU.ActiveCfg = Debug|Any CPU
		{E814222E-CF28-4EE3-97F7-094384B095C1}.Debug|Any CPU.Build.0 = Debug|Any CPU
		{E814222E-CF28-4EE3-97F7-094384B095C1}.Debug|Any CPU.Deploy.0 = Debug|Any CPU
		{E814222E-CF28-4EE3-97F7-094384B095C1}.Release|Any CPU.ActiveCfg = Release|Any CPU
		{E814222E-CF28-4EE3-97F7-094384B095C1}.Release|Any CPU.Build.0 = Release|Any CPU
		{E814222E-CF28-4EE3-97F7-094384B095C1}.Release|Any CPU.Deploy.0 = Release|Any CPU
	EndGlobalSection
	GlobalSection(SolutionProperties) = preSolution
		HideSolutionNode = FALSE
	EndGlobalSection
	GlobalSection(ExtensibilityGlobals) = postSolution
		SolutionGuid = {F1203AB0-D79F-4D3B-815B-B429A2A33C7D}
	EndGlobalSection
EndGlobal
